
Microsoft Visual Studio Solution File, Format Version 12.00
# Visual Studio Version 16
VisualStudioVersion = 16.0.31019.35
MinimumVisualStudioVersion = 10.0.40219.1
Project("{FAE04EC0-301F-11D3-BF4B-00C04F79EFBC}") = "DataAccess", "DataAccess\DataAccess.csproj", "{3D298DCC-8B29-4419-A9BA-B81A7B57A6C4}"
EndProject
Project("{FAE04EC0-301F-11D3-BF4B-00C04F79EFBC}") = "Business", "Business\Business.csproj", "{A63FA52B-DF5D-43A4-811B-780DC2383648}"
EndProject
Project("{FAE04EC0-301F-11D3-BF4B-00C04F79EFBC}") = "Entities", "Entities\Entities.csproj", "{48B1EA18-A580-4933-8742-784381E47968}"
EndProject
Project("{FAE04EC0-301F-11D3-BF4B-00C04F79EFBC}") = "ConsoleUI", "ConsoleUI\ConsoleUI.csproj", "{C0E55B43-3A38-4365-B85D-91D1134AAACF}"
EndProject
Global
	GlobalSection(SolutionConfigurationPlatforms) = preSolution
		Debug|Any CPU = Debug|Any CPU
		Release|Any CPU = Release|Any CPU
	EndGlobalSection
	GlobalSection(ProjectConfigurationPlatforms) = postSolution
		{3D298DCC-8B29-4419-A9BA-B81A7B57A6C4}.Debug|Any CPU.ActiveCfg = Debug|Any CPU
		{3D298DCC-8B29-4419-A9BA-B81A7B57A6C4}.Debug|Any CPU.Build.0 = Debug|Any CPU
		{3D298DCC-8B29-4419-A9BA-B81A7B57A6C4}.Release|Any CPU.ActiveCfg = Release|Any CPU
		{3D298DCC-8B29-4419-A9BA-B81A7B57A6C4}.Release|Any CPU.Build.0 = Release|Any CPU
		{A63FA52B-DF5D-43A4-811B-780DC2383648}.Debug|Any CPU.ActiveCfg = Debug|Any CPU
		{A63FA52B-DF5D-43A4-811B-780DC2383648}.Debug|Any CPU.Build.0 = Debug|Any CPU
		{A63FA52B-DF5D-43A4-811B-780DC2383648}.Release|Any CPU.ActiveCfg = Release|Any CPU
		{A63FA52B-DF5D-43A4-811B-780DC2383648}.Release|Any CPU.Build.0 = Release|Any CPU
		{48B1EA18-A580-4933-8742-784381E47968}.Debug|Any CPU.ActiveCfg = Debug|Any CPU
		{48B1EA18-A580-4933-8742-784381E47968}.Debug|Any CPU.Build.0 = Debug|Any CPU
		{48B1EA18-A580-4933-8742-784381E47968}.Release|Any CPU.ActiveCfg = Release|Any CPU
		{48B1EA18-A580-4933-8742-784381E47968}.Release|Any CPU.Build.0 = Release|Any CPU
		{C0E55B43-3A38-4365-B85D-91D1134AAACF}.Debug|Any CPU.ActiveCfg = Debug|Any CPU
		{C0E55B43-3A38-4365-B85D-91D1134AAACF}.Debug|Any CPU.Build.0 = Debug|Any CPU
		{C0E55B43-3A38-4365-B85D-91D1134AAACF}.Release|Any CPU.ActiveCfg = Release|Any CPU
		{C0E55B43-3A38-4365-B85D-91D1134AAACF}.Release|Any CPU.Build.0 = Release|Any CPU
	EndGlobalSection
	GlobalSection(SolutionProperties) = preSolution
		HideSolutionNode = FALSE
	EndGlobalSection
	GlobalSection(ExtensibilityGlobals) = postSolution
		SolutionGuid = {B6F821CE-A903-4A80-8DCE-AF4E7FB964AF}
	EndGlobalSection
EndGlobal
